// !$*UTF8*$!
{
	archiveVersion = 1;
	classes = {
	};
	objectVersion = 56;
	objects = {

/* Begin PBXBuildFile section */
		1401E6062A6209A1008804B2 /* DocsCounter.swift in Sources */ = {isa = PBXBuildFile; fileRef = 1401E5FB2A6209A1008804B2 /* DocsCounter.swift */; };
		1401E6072A6209A1008804B2 /* DittoToolsListView.swift in Sources */ = {isa = PBXBuildFile; fileRef = 1401E5FC2A6209A1008804B2 /* DittoToolsListView.swift */; };
		1401E6082A6209A1008804B2 /* CountDataFetchApp.swift in Sources */ = {isa = PBXBuildFile; fileRef = 1401E5FD2A6209A1008804B2 /* CountDataFetchApp.swift */; };
		1401E6092A6209A1008804B2 /* DittoService.swift in Sources */ = {isa = PBXBuildFile; fileRef = 1401E5FE2A6209A1008804B2 /* DittoService.swift */; };
		1401E60A2A6209A1008804B2 /* Assets.xcassets in Resources */ = {isa = PBXBuildFile; fileRef = 1401E5FF2A6209A1008804B2 /* Assets.xcassets */; };
		1401E60C2A6209A1008804B2 /* DittoDataFetcher.swift in Sources */ = {isa = PBXBuildFile; fileRef = 1401E6012A6209A1008804B2 /* DittoDataFetcher.swift */; };
		1401E60D2A6209A1008804B2 /* Preview Assets.xcassets in Resources */ = {isa = PBXBuildFile; fileRef = 1401E6032A6209A1008804B2 /* Preview Assets.xcassets */; };
		1401E60E2A6209A1008804B2 /* ContentView.swift in Sources */ = {isa = PBXBuildFile; fileRef = 1401E6042A6209A1008804B2 /* ContentView.swift */; };
		14090C4C2A671D26008C94B7 /* Env.swift in Sources */ = {isa = PBXBuildFile; fileRef = 14090C4B2A671D26008C94B7 /* Env.swift */; };
		144C2CFA2A5F8DAC004E92D2 /* README.md in Resources */ = {isa = PBXBuildFile; fileRef = 144C2CF82A5F8DAC004E92D2 /* README.md */; };
		1452A0E02A5F812100168879 /* DittoDataBrowser in Frameworks */ = {isa = PBXBuildFile; productRef = 1452A0DF2A5F812100168879 /* DittoDataBrowser */; };
		1452A0E22A5F812100168879 /* DittoDiskUsage in Frameworks */ = {isa = PBXBuildFile; productRef = 1452A0E12A5F812100168879 /* DittoDiskUsage */; };
		1452A0E62A5F812100168879 /* DittoPresenceViewer in Frameworks */ = {isa = PBXBuildFile; productRef = 1452A0E52A5F812100168879 /* DittoPresenceViewer */; };
		1480710D2A8A8B720091EC03 /* DittoExportData in Frameworks */ = {isa = PBXBuildFile; productRef = 1480710C2A8A8B720091EC03 /* DittoExportData */; };
		1480710F2A8A985C0091EC03 /* DittoPeersList in Frameworks */ = {isa = PBXBuildFile; productRef = 1480710E2A8A985C0091EC03 /* DittoPeersList */; };
		148071122A8A99870091EC03 /* DittoToolsListItem.swift in Sources */ = {isa = PBXBuildFile; fileRef = 148071112A8A99870091EC03 /* DittoToolsListItem.swift */; };
		148071142A8AB2470091EC03 /* DittoExportLogs in Frameworks */ = {isa = PBXBuildFile; productRef = 148071132A8AB2470091EC03 /* DittoExportLogs */; };
		148E2F822A5CC5A700718D20 /* DittoObjC in Frameworks */ = {isa = PBXBuildFile; productRef = 148E2F812A5CC5A700718D20 /* DittoObjC */; };
		148E2F842A5CC5A700718D20 /* DittoSwift in Frameworks */ = {isa = PBXBuildFile; productRef = 148E2F832A5CC5A700718D20 /* DittoSwift */; };
/* End PBXBuildFile section */

/* Begin PBXFileReference section */
		1401E5FB2A6209A1008804B2 /* DocsCounter.swift */ = {isa = PBXFileReference; fileEncoding = 4; lastKnownFileType = sourcecode.swift; path = DocsCounter.swift; sourceTree = "<group>"; };
		1401E5FC2A6209A1008804B2 /* DittoToolsListView.swift */ = {isa = PBXFileReference; fileEncoding = 4; lastKnownFileType = sourcecode.swift; path = DittoToolsListView.swift; sourceTree = "<group>"; };
		1401E5FD2A6209A1008804B2 /* CountDataFetchApp.swift */ = {isa = PBXFileReference; fileEncoding = 4; lastKnownFileType = sourcecode.swift; path = CountDataFetchApp.swift; sourceTree = "<group>"; };
		1401E5FE2A6209A1008804B2 /* DittoService.swift */ = {isa = PBXFileReference; fileEncoding = 4; lastKnownFileType = sourcecode.swift; path = DittoService.swift; sourceTree = "<group>"; };
		1401E5FF2A6209A1008804B2 /* Assets.xcassets */ = {isa = PBXFileReference; lastKnownFileType = folder.assetcatalog; path = Assets.xcassets; sourceTree = "<group>"; };
		1401E6012A6209A1008804B2 /* DittoDataFetcher.swift */ = {isa = PBXFileReference; fileEncoding = 4; lastKnownFileType = sourcecode.swift; path = DittoDataFetcher.swift; sourceTree = "<group>"; };
		1401E6032A6209A1008804B2 /* Preview Assets.xcassets */ = {isa = PBXFileReference; lastKnownFileType = folder.assetcatalog; path = "Preview Assets.xcassets"; sourceTree = "<group>"; };
		1401E6042A6209A1008804B2 /* ContentView.swift */ = {isa = PBXFileReference; fileEncoding = 4; lastKnownFileType = sourcecode.swift; path = ContentView.swift; sourceTree = "<group>"; };
		1401E6052A6209A1008804B2 /* Info.plist */ = {isa = PBXFileReference; fileEncoding = 4; lastKnownFileType = text.plist.xml; path = Info.plist; sourceTree = "<group>"; };
		14090C4B2A671D26008C94B7 /* Env.swift */ = {isa = PBXFileReference; fileEncoding = 4; lastKnownFileType = sourcecode.swift; path = Env.swift; sourceTree = "<group>"; };
		144C2CF82A5F8DAC004E92D2 /* README.md */ = {isa = PBXFileReference; fileEncoding = 4; lastKnownFileType = net.daringfireball.markdown; path = README.md; sourceTree = "<group>"; };
		148071112A8A99870091EC03 /* DittoToolsListItem.swift */ = {isa = PBXFileReference; fileEncoding = 4; lastKnownFileType = sourcecode.swift; path = DittoToolsListItem.swift; sourceTree = "<group>"; };
		14CD51AD2A2FE2D50018DE87 /* CountDataFetch.app */ = {isa = PBXFileReference; explicitFileType = wrapper.application; includeInIndex = 0; path = CountDataFetch.app; sourceTree = BUILT_PRODUCTS_DIR; };
/* End PBXFileReference section */

/* Begin PBXFrameworksBuildPhase section */
		14CD51AA2A2FE2D50018DE87 /* Frameworks */ = {
			isa = PBXFrameworksBuildPhase;
			buildActionMask = 2147483647;
			files = (
				1452A0E02A5F812100168879 /* DittoDataBrowser in Frameworks */,
				148E2F822A5CC5A700718D20 /* DittoObjC in Frameworks */,
				148071142A8AB2470091EC03 /* DittoExportLogs in Frameworks */,
				1452A0E22A5F812100168879 /* DittoDiskUsage in Frameworks */,
				1452A0E62A5F812100168879 /* DittoPresenceViewer in Frameworks */,
				1480710F2A8A985C0091EC03 /* DittoPeersList in Frameworks */,
				148E2F842A5CC5A700718D20 /* DittoSwift in Frameworks */,
				1480710D2A8A8B720091EC03 /* DittoExportData in Frameworks */,
			);
			runOnlyForDeploymentPostprocessing = 0;
		};
/* End PBXFrameworksBuildPhase section */

/* Begin PBXGroup section */
		1401E5FA2A6209A1008804B2 /* CountDataFetch */ = {
			isa = PBXGroup;
			children = (
				1401E6042A6209A1008804B2 /* ContentView.swift */,
				1401E5FD2A6209A1008804B2 /* CountDataFetchApp.swift */,
				1401E5FB2A6209A1008804B2 /* DocsCounter.swift */,
				1401E6012A6209A1008804B2 /* DittoDataFetcher.swift */,
				1401E5FE2A6209A1008804B2 /* DittoService.swift */,
				148071102A8A98F90091EC03 /* DittoToolsScreen */,
				14090C4B2A671D26008C94B7 /* Env.swift */,
				1401E5FF2A6209A1008804B2 /* Assets.xcassets */,
				1401E6022A6209A1008804B2 /* Preview Content */,
				1401E6052A6209A1008804B2 /* Info.plist */,
			);
			path = CountDataFetch;
			sourceTree = "<group>";
		};
		1401E6022A6209A1008804B2 /* Preview Content */ = {
			isa = PBXGroup;
			children = (
				1401E6032A6209A1008804B2 /* Preview Assets.xcassets */,
			);
			path = "Preview Content";
			sourceTree = "<group>";
		};
		148071102A8A98F90091EC03 /* DittoToolsScreen */ = {
			isa = PBXGroup;
			children = (
				148071112A8A99870091EC03 /* DittoToolsListItem.swift */,
				1401E5FC2A6209A1008804B2 /* DittoToolsListView.swift */,
			);
			path = DittoToolsScreen;
			sourceTree = "<group>";
		};
		148E2F862A5CC6A200718D20 /* Frameworks */ = {
			isa = PBXGroup;
			children = (
			);
			name = Frameworks;
			sourceTree = "<group>";
		};
		14CD51A42A2FE2D50018DE87 = {
			isa = PBXGroup;
			children = (
				144C2CF82A5F8DAC004E92D2 /* README.md */,
				1401E5FA2A6209A1008804B2 /* CountDataFetch */,
				14CD51AE2A2FE2D50018DE87 /* Products */,
				148E2F862A5CC6A200718D20 /* Frameworks */,
			);
			sourceTree = "<group>";
		};
		14CD51AE2A2FE2D50018DE87 /* Products */ = {
			isa = PBXGroup;
			children = (
				14CD51AD2A2FE2D50018DE87 /* CountDataFetch.app */,
			);
			name = Products;
			sourceTree = "<group>";
		};
/* End PBXGroup section */

/* Begin PBXNativeTarget section */
		14CD51AC2A2FE2D50018DE87 /* CountDataFetch */ = {
			isa = PBXNativeTarget;
			buildConfigurationList = 14CD51BB2A2FE2D60018DE87 /* Build configuration list for PBXNativeTarget "CountDataFetch" */;
			buildPhases = (
				14CD51C32A2FE5290018DE87 /* Generate Env.swift */,
				14CD51A92A2FE2D50018DE87 /* Sources */,
				14CD51AA2A2FE2D50018DE87 /* Frameworks */,
				14CD51AB2A2FE2D50018DE87 /* Resources */,
			);
			buildRules = (
			);
			dependencies = (
			);
			name = CountDataFetch;
			packageProductDependencies = (
				148E2F812A5CC5A700718D20 /* DittoObjC */,
				148E2F832A5CC5A700718D20 /* DittoSwift */,
				1452A0DF2A5F812100168879 /* DittoDataBrowser */,
				1452A0E12A5F812100168879 /* DittoDiskUsage */,
				1452A0E52A5F812100168879 /* DittoPresenceViewer */,
				1480710C2A8A8B720091EC03 /* DittoExportData */,
				1480710E2A8A985C0091EC03 /* DittoPeersList */,
				148071132A8AB2470091EC03 /* DittoExportLogs */,
			);
			productName = DittoBase;
			productReference = 14CD51AD2A2FE2D50018DE87 /* CountDataFetch.app */;
			productType = "com.apple.product-type.application";
		};
/* End PBXNativeTarget section */

/* Begin PBXProject section */
		14CD51A52A2FE2D50018DE87 /* Project object */ = {
			isa = PBXProject;
			attributes = {
				BuildIndependentTargetsInParallel = 1;
				LastSwiftUpdateCheck = 1430;
				LastUpgradeCheck = 1510;
				ORGANIZATIONNAME = "DittoLive Incorporated";
				TargetAttributes = {
					14CD51AC2A2FE2D50018DE87 = {
						CreatedOnToolsVersion = 14.3.1;
					};
				};
			};
			buildConfigurationList = 14CD51A82A2FE2D50018DE87 /* Build configuration list for PBXProject "CountDataFetch" */;
			compatibilityVersion = "Xcode 14.0";
			developmentRegion = en;
			hasScannedForEncodings = 0;
			knownRegions = (
				en,
				Base,
			);
			mainGroup = 14CD51A42A2FE2D50018DE87;
			packageReferences = (
				148E2F802A5CC5A700718D20 /* XCRemoteSwiftPackageReference "DittoSwiftPackage" */,
				1452A0DE2A5F812100168879 /* XCRemoteSwiftPackageReference "DittoSwiftTools" */,
			);
			productRefGroup = 14CD51AE2A2FE2D50018DE87 /* Products */;
			projectDirPath = "";
			projectRoot = "";
			targets = (
				14CD51AC2A2FE2D50018DE87 /* CountDataFetch */,
			);
		};
/* End PBXProject section */

/* Begin PBXResourcesBuildPhase section */
		14CD51AB2A2FE2D50018DE87 /* Resources */ = {
			isa = PBXResourcesBuildPhase;
			buildActionMask = 2147483647;
			files = (
				1401E60A2A6209A1008804B2 /* Assets.xcassets in Resources */,
				1401E60D2A6209A1008804B2 /* Preview Assets.xcassets in Resources */,
				144C2CFA2A5F8DAC004E92D2 /* README.md in Resources */,
			);
			runOnlyForDeploymentPostprocessing = 0;
		};
/* End PBXResourcesBuildPhase section */

/* Begin PBXShellScriptBuildPhase section */
		14CD51C32A2FE5290018DE87 /* Generate Env.swift */ = {
			isa = PBXShellScriptBuildPhase;
			buildActionMask = 2147483647;
			files = (
			);
			inputFileListPaths = (
			);
			inputPaths = (
				"$(SRCROOT)/buildEnv.sh",
			);
			name = "Generate Env.swift";
			outputFileListPaths = (
			);
			outputPaths = (
				"$(DERIVED_FILE_DIR)/Env.swift",
			);
			runOnlyForDeploymentPostprocessing = 0;
			shellPath = /bin/sh;
			shellScript = "\"${SRCROOT}/buildEnv.sh\" \"${SRCROOT}/.env\" \"${SRCROOT}/${PROJECT}\"\n";
		};
/* End PBXShellScriptBuildPhase section */

/* Begin PBXSourcesBuildPhase section */
		14CD51A92A2FE2D50018DE87 /* Sources */ = {
			isa = PBXSourcesBuildPhase;
			buildActionMask = 2147483647;
			files = (
				1401E6062A6209A1008804B2 /* DocsCounter.swift in Sources */,
				1401E60E2A6209A1008804B2 /* ContentView.swift in Sources */,
				1401E6072A6209A1008804B2 /* DittoToolsListView.swift in Sources */,
				1401E6092A6209A1008804B2 /* DittoService.swift in Sources */,
				1401E60C2A6209A1008804B2 /* DittoDataFetcher.swift in Sources */,
				148071122A8A99870091EC03 /* DittoToolsListItem.swift in Sources */,
				1401E6082A6209A1008804B2 /* CountDataFetchApp.swift in Sources */,
				14090C4C2A671D26008C94B7 /* Env.swift in Sources */,
			);
			runOnlyForDeploymentPostprocessing = 0;
		};
/* End PBXSourcesBuildPhase section */

/* Begin XCBuildConfiguration section */
		14CD51B92A2FE2D60018DE87 /* Debug */ = {
			isa = XCBuildConfiguration;
			buildSettings = {
				ALWAYS_SEARCH_USER_PATHS = NO;
				ASSETCATALOG_COMPILER_GENERATE_SWIFT_ASSET_SYMBOL_EXTENSIONS = YES;
				CLANG_ANALYZER_NONNULL = YES;
				CLANG_ANALYZER_NUMBER_OBJECT_CONVERSION = YES_AGGRESSIVE;
				CLANG_CXX_LANGUAGE_STANDARD = "gnu++20";
				CLANG_ENABLE_MODULES = YES;
				CLANG_ENABLE_OBJC_ARC = YES;
				CLANG_ENABLE_OBJC_WEAK = YES;
				CLANG_WARN_BLOCK_CAPTURE_AUTORELEASING = YES;
				CLANG_WARN_BOOL_CONVERSION = YES;
				CLANG_WARN_COMMA = YES;
				CLANG_WARN_CONSTANT_CONVERSION = YES;
				CLANG_WARN_DEPRECATED_OBJC_IMPLEMENTATIONS = YES;
				CLANG_WARN_DIRECT_OBJC_ISA_USAGE = YES_ERROR;
				CLANG_WARN_DOCUMENTATION_COMMENTS = YES;
				CLANG_WARN_EMPTY_BODY = YES;
				CLANG_WARN_ENUM_CONVERSION = YES;
				CLANG_WARN_INFINITE_RECURSION = YES;
				CLANG_WARN_INT_CONVERSION = YES;
				CLANG_WARN_NON_LITERAL_NULL_CONVERSION = YES;
				CLANG_WARN_OBJC_IMPLICIT_RETAIN_SELF = YES;
				CLANG_WARN_OBJC_LITERAL_CONVERSION = YES;
				CLANG_WARN_OBJC_ROOT_CLASS = YES_ERROR;
				CLANG_WARN_QUOTED_INCLUDE_IN_FRAMEWORK_HEADER = YES;
				CLANG_WARN_RANGE_LOOP_ANALYSIS = YES;
				CLANG_WARN_STRICT_PROTOTYPES = YES;
				CLANG_WARN_SUSPICIOUS_MOVE = YES;
				CLANG_WARN_UNGUARDED_AVAILABILITY = YES_AGGRESSIVE;
				CLANG_WARN_UNREACHABLE_CODE = YES;
				CLANG_WARN__DUPLICATE_METHOD_MATCH = YES;
				COPY_PHASE_STRIP = NO;
				DEBUG_INFORMATION_FORMAT = dwarf;
				ENABLE_STRICT_OBJC_MSGSEND = YES;
				ENABLE_TESTABILITY = YES;
				ENABLE_USER_SCRIPT_SANDBOXING = YES;
				GCC_C_LANGUAGE_STANDARD = gnu11;
				GCC_DYNAMIC_NO_PIC = NO;
				GCC_NO_COMMON_BLOCKS = YES;
				GCC_OPTIMIZATION_LEVEL = 0;
				GCC_PREPROCESSOR_DEFINITIONS = (
					"DEBUG=1",
					"$(inherited)",
				);
				GCC_WARN_64_TO_32_BIT_CONVERSION = YES;
				GCC_WARN_ABOUT_RETURN_TYPE = YES_ERROR;
				GCC_WARN_UNDECLARED_SELECTOR = YES;
				GCC_WARN_UNINITIALIZED_AUTOS = YES_AGGRESSIVE;
				GCC_WARN_UNUSED_FUNCTION = YES;
				GCC_WARN_UNUSED_VARIABLE = YES;
				IPHONEOS_DEPLOYMENT_TARGET = 16.0;
				MTL_ENABLE_DEBUG_INFO = INCLUDE_SOURCE;
				MTL_FAST_MATH = YES;
				ONLY_ACTIVE_ARCH = YES;
				SDKROOT = iphoneos;
				SWIFT_ACTIVE_COMPILATION_CONDITIONS = DEBUG;
				SWIFT_OPTIMIZATION_LEVEL = "-Onone";
			};
			name = Debug;
		};
		14CD51BA2A2FE2D60018DE87 /* Release */ = {
			isa = XCBuildConfiguration;
			buildSettings = {
				ALWAYS_SEARCH_USER_PATHS = NO;
				ASSETCATALOG_COMPILER_GENERATE_SWIFT_ASSET_SYMBOL_EXTENSIONS = YES;
				CLANG_ANALYZER_NONNULL = YES;
				CLANG_ANALYZER_NUMBER_OBJECT_CONVERSION = YES_AGGRESSIVE;
				CLANG_CXX_LANGUAGE_STANDARD = "gnu++20";
				CLANG_ENABLE_MODULES = YES;
				CLANG_ENABLE_OBJC_ARC = YES;
				CLANG_ENABLE_OBJC_WEAK = YES;
				CLANG_WARN_BLOCK_CAPTURE_AUTORELEASING = YES;
				CLANG_WARN_BOOL_CONVERSION = YES;
				CLANG_WARN_COMMA = YES;
				CLANG_WARN_CONSTANT_CONVERSION = YES;
				CLANG_WARN_DEPRECATED_OBJC_IMPLEMENTATIONS = YES;
				CLANG_WARN_DIRECT_OBJC_ISA_USAGE = YES_ERROR;
				CLANG_WARN_DOCUMENTATION_COMMENTS = YES;
				CLANG_WARN_EMPTY_BODY = YES;
				CLANG_WARN_ENUM_CONVERSION = YES;
				CLANG_WARN_INFINITE_RECURSION = YES;
				CLANG_WARN_INT_CONVERSION = YES;
				CLANG_WARN_NON_LITERAL_NULL_CONVERSION = YES;
				CLANG_WARN_OBJC_IMPLICIT_RETAIN_SELF = YES;
				CLANG_WARN_OBJC_LITERAL_CONVERSION = YES;
				CLANG_WARN_OBJC_ROOT_CLASS = YES_ERROR;
				CLANG_WARN_QUOTED_INCLUDE_IN_FRAMEWORK_HEADER = YES;
				CLANG_WARN_RANGE_LOOP_ANALYSIS = YES;
				CLANG_WARN_STRICT_PROTOTYPES = YES;
				CLANG_WARN_SUSPICIOUS_MOVE = YES;
				CLANG_WARN_UNGUARDED_AVAILABILITY = YES_AGGRESSIVE;
				CLANG_WARN_UNREACHABLE_CODE = YES;
				CLANG_WARN__DUPLICATE_METHOD_MATCH = YES;
				COPY_PHASE_STRIP = NO;
				DEBUG_INFORMATION_FORMAT = "dwarf-with-dsym";
				ENABLE_NS_ASSERTIONS = NO;
				ENABLE_STRICT_OBJC_MSGSEND = YES;
				ENABLE_USER_SCRIPT_SANDBOXING = YES;
				GCC_C_LANGUAGE_STANDARD = gnu11;
				GCC_NO_COMMON_BLOCKS = YES;
				GCC_WARN_64_TO_32_BIT_CONVERSION = YES;
				GCC_WARN_ABOUT_RETURN_TYPE = YES_ERROR;
				GCC_WARN_UNDECLARED_SELECTOR = YES;
				GCC_WARN_UNINITIALIZED_AUTOS = YES_AGGRESSIVE;
				GCC_WARN_UNUSED_FUNCTION = YES;
				GCC_WARN_UNUSED_VARIABLE = YES;
				IPHONEOS_DEPLOYMENT_TARGET = 16.0;
				MTL_ENABLE_DEBUG_INFO = NO;
				MTL_FAST_MATH = YES;
				SDKROOT = iphoneos;
				SWIFT_COMPILATION_MODE = wholemodule;
				SWIFT_OPTIMIZATION_LEVEL = "-O";
				VALIDATE_PRODUCT = YES;
			};
			name = Release;
		};
		14CD51BC2A2FE2D60018DE87 /* Debug */ = {
			isa = XCBuildConfiguration;
			buildSettings = {
				ASSETCATALOG_COMPILER_APPICON_NAME = AppIcon;
				ASSETCATALOG_COMPILER_GLOBAL_ACCENT_COLOR_NAME = AccentColor;
				CODE_SIGN_STYLE = Automatic;
				CURRENT_PROJECT_VERSION = 1;
				DEVELOPMENT_ASSET_PATHS = "\"CountDataFetch/Preview Content\"";
				DEVELOPMENT_TEAM = 3T2VMFZPPQ;
				ENABLE_PREVIEWS = YES;
				GENERATE_INFOPLIST_FILE = YES;
				INFOPLIST_FILE = CountDataFetch/Info.plist;
				INFOPLIST_KEY_NSBluetoothAlwaysUsageDescription = "Uses Bluetooth to connect and sync with nearby devices";
				INFOPLIST_KEY_NSBluetoothPeripheralUsageDescription = "Uses Bluetooth to connect and sync with nearby devices";
				INFOPLIST_KEY_UIApplicationSceneManifest_Generation = YES;
				INFOPLIST_KEY_UIApplicationSupportsIndirectInputEvents = YES;
				INFOPLIST_KEY_UILaunchScreen_Generation = YES;
				INFOPLIST_KEY_UISupportedInterfaceOrientations_iPad = "UIInterfaceOrientationPortrait UIInterfaceOrientationPortraitUpsideDown UIInterfaceOrientationLandscapeLeft UIInterfaceOrientationLandscapeRight";
				INFOPLIST_KEY_UISupportedInterfaceOrientations_iPhone = "UIInterfaceOrientationPortrait UIInterfaceOrientationLandscapeLeft UIInterfaceOrientationLandscapeRight";
				IPHONEOS_DEPLOYMENT_TARGET = 16.0;
				LD_RUNPATH_SEARCH_PATHS = (
					"$(inherited)",
					"@executable_path/Frameworks",
				);
				MARKETING_VERSION = 1.0;
				PRODUCT_BUNDLE_IDENTIFIER = live.ditto.CountDataFetch;
				PRODUCT_NAME = "$(TARGET_NAME)";
				SWIFT_EMIT_LOC_STRINGS = YES;
				SWIFT_VERSION = 5.0;
				TARGETED_DEVICE_FAMILY = "1,2";
			};
			name = Debug;
		};
		14CD51BD2A2FE2D60018DE87 /* Release */ = {
			isa = XCBuildConfiguration;
			buildSettings = {
				ASSETCATALOG_COMPILER_APPICON_NAME = AppIcon;
				ASSETCATALOG_COMPILER_GLOBAL_ACCENT_COLOR_NAME = AccentColor;
				CODE_SIGN_STYLE = Automatic;
				CURRENT_PROJECT_VERSION = 1;
				DEVELOPMENT_ASSET_PATHS = "\"CountDataFetch/Preview Content\"";
				DEVELOPMENT_TEAM = 3T2VMFZPPQ;
				ENABLE_PREVIEWS = YES;
				GENERATE_INFOPLIST_FILE = YES;
				INFOPLIST_FILE = CountDataFetch/Info.plist;
				INFOPLIST_KEY_NSBluetoothAlwaysUsageDescription = "Uses Bluetooth to connect and sync with nearby devices";
				INFOPLIST_KEY_NSBluetoothPeripheralUsageDescription = "Uses Bluetooth to connect and sync with nearby devices";
				INFOPLIST_KEY_UIApplicationSceneManifest_Generation = YES;
				INFOPLIST_KEY_UIApplicationSupportsIndirectInputEvents = YES;
				INFOPLIST_KEY_UILaunchScreen_Generation = YES;
				INFOPLIST_KEY_UISupportedInterfaceOrientations_iPad = "UIInterfaceOrientationPortrait UIInterfaceOrientationPortraitUpsideDown UIInterfaceOrientationLandscapeLeft UIInterfaceOrientationLandscapeRight";
				INFOPLIST_KEY_UISupportedInterfaceOrientations_iPhone = "UIInterfaceOrientationPortrait UIInterfaceOrientationLandscapeLeft UIInterfaceOrientationLandscapeRight";
				IPHONEOS_DEPLOYMENT_TARGET = 16.0;
				LD_RUNPATH_SEARCH_PATHS = (
					"$(inherited)",
					"@executable_path/Frameworks",
				);
				MARKETING_VERSION = 1.0;
				PRODUCT_BUNDLE_IDENTIFIER = live.ditto.CountDataFetch;
				PRODUCT_NAME = "$(TARGET_NAME)";
				SWIFT_EMIT_LOC_STRINGS = YES;
				SWIFT_VERSION = 5.0;
				TARGETED_DEVICE_FAMILY = "1,2";
			};
			name = Release;
		};
/* End XCBuildConfiguration section */

/* Begin XCConfigurationList section */
		14CD51A82A2FE2D50018DE87 /* Build configuration list for PBXProject "CountDataFetch" */ = {
			isa = XCConfigurationList;
			buildConfigurations = (
				14CD51B92A2FE2D60018DE87 /* Debug */,
				14CD51BA2A2FE2D60018DE87 /* Release */,
			);
			defaultConfigurationIsVisible = 0;
			defaultConfigurationName = Release;
		};
		14CD51BB2A2FE2D60018DE87 /* Build configuration list for PBXNativeTarget "CountDataFetch" */ = {
			isa = XCConfigurationList;
			buildConfigurations = (
				14CD51BC2A2FE2D60018DE87 /* Debug */,
				14CD51BD2A2FE2D60018DE87 /* Release */,
			);
			defaultConfigurationIsVisible = 0;
			defaultConfigurationName = Release;
		};
/* End XCConfigurationList section */

/* Begin XCRemoteSwiftPackageReference section */
		1452A0DE2A5F812100168879 /* XCRemoteSwiftPackageReference "DittoSwiftTools" */ = {
			isa = XCRemoteSwiftPackageReference;
			repositoryURL = "https://github.com/getditto/DittoSwiftTools.git";
			requirement = {
				kind = upToNextMajorVersion;
				minimumVersion = 4.4.0;
			};
		};
		148E2F802A5CC5A700718D20 /* XCRemoteSwiftPackageReference "DittoSwiftPackage" */ = {
			isa = XCRemoteSwiftPackageReference;
			repositoryURL = "https://github.com/getditto/DittoSwiftPackage";
			requirement = {
				kind = upToNextMajorVersion;
				minimumVersion = 4.5.0;
			};
		};
/* End XCRemoteSwiftPackageReference section */

/* Begin XCSwiftPackageProductDependency section */
		1452A0DF2A5F812100168879 /* DittoDataBrowser */ = {
			isa = XCSwiftPackageProductDependency;
			package = 1452A0DE2A5F812100168879 /* XCRemoteSwiftPackageReference "DittoSwiftTools" */;
			productName = DittoDataBrowser;
		};
		1452A0E12A5F812100168879 /* DittoDiskUsage */ = {
			isa = XCSwiftPackageProductDependency;
			package = 1452A0DE2A5F812100168879 /* XCRemoteSwiftPackageReference "DittoSwiftTools" */;
			productName = DittoDiskUsage;
		};
		1452A0E52A5F812100168879 /* DittoPresenceViewer */ = {
			isa = XCSwiftPackageProductDependency;
			package = 1452A0DE2A5F812100168879 /* XCRemoteSwiftPackageReference "DittoSwiftTools" */;
			productName = DittoPresenceViewer;
		};
		1480710C2A8A8B720091EC03 /* DittoExportData */ = {
			isa = XCSwiftPackageProductDependency;
			package = 1452A0DE2A5F812100168879 /* XCRemoteSwiftPackageReference "DittoSwiftTools" */;
			productName = DittoExportData;
		};
		1480710E2A8A985C0091EC03 /* DittoPeersList */ = {
			isa = XCSwiftPackageProductDependency;
			package = 1452A0DE2A5F812100168879 /* XCRemoteSwiftPackageReference "DittoSwiftTools" */;
			productName = DittoPeersList;
		};
		148071132A8AB2470091EC03 /* DittoExportLogs */ = {
			isa = XCSwiftPackageProductDependency;
			package = 1452A0DE2A5F812100168879 /* XCRemoteSwiftPackageReference "DittoSwiftTools" */;
			productName = DittoExportLogs;
		};
		148E2F812A5CC5A700718D20 /* DittoObjC */ = {
			isa = XCSwiftPackageProductDependency;
			package = 148E2F802A5CC5A700718D20 /* XCRemoteSwiftPackageReference "DittoSwiftPackage" */;
			productName = DittoObjC;
		};
		148E2F832A5CC5A700718D20 /* DittoSwift */ = {
			isa = XCSwiftPackageProductDependency;
			package = 148E2F802A5CC5A700718D20 /* XCRemoteSwiftPackageReference "DittoSwiftPackage" */;
			productName = DittoSwift;
		};
/* End XCSwiftPackageProductDependency section */
	};
	rootObject = 14CD51A52A2FE2D50018DE87 /* Project object */;
}
